# Generated by qedgen — do not edit by hand.
# Tracks the resolved snapshot of every dep declared in qed.toml.

version = 1

[[dependency]]
name = "spl"
source = "builtin:spl"
spec_hash = "sha256:e09896c58be6b9b02b45b08741a3a6ad623559db119d6f33ab33826c15c29350"
program_id = "TokenkegQfeZyiNwAJbNbGKPFXCWuBvf9Ss623VQ5DA"
upstream_binary_hash = "sha256:8190d3f7ceb6cb7a7a8d8924bff89f9f611e15ce1f806f2b6237f3311a98f697"
upstream_version = "4.0.3"
